
Microsoft Visual Studio Solution File, Format Version 12.00
# Visual Studio Version 17
VisualStudioVersion = 17.0.31611.283
MinimumVisualStudioVersion = 10.0.40219.1
Project("{9A19103F-16F7-4668-BE54-9A1E7A4F7556}") = "GroceryMaster.UI", "GroceryMaster.UI\GroceryMaster.UI.csproj", "{C1B1C4C8-3690-4647-A2E9-F61C634F6957}"
EndProject
Project("{9A19103F-16F7-4668-BE54-9A1E7A4F7556}") = "GroceryMaster.UnitTests", "GroceryMaster.UnitTests\GroceryMaster.UnitTests.csproj", "{7CD62FE4-27A7-4F3C-B654-7DC004868828}"
EndProject
Project("{9A19103F-16F7-4668-BE54-9A1E7A4F7556}") = "GroceryMaster.Services", "GroceryMaster.Services\GroceryMaster.Services.csproj", "{C1FAF581-BAA8-429A-96B1-99769E2E7870}"
EndProject
Project("{9A19103F-16F7-4668-BE54-9A1E7A4F7556}") = "GroceryMaster.Migrations", "GroceryMaster.Migrations\GroceryMaster.Migrations.csproj", "{D41528C2-EF28-437A-A8D4-0C5E80D8500D}"
EndProject
Project("{FAE04EC0-301F-11D3-BF4B-00C04F79EFBC}") = "GroceryMaster.IntegrationTests", "GroceryMaster.IntegrationTests\GroceryMaster.IntegrationTests.csproj", "{4236937C-1EFB-4C9F-AFEC-DCA443C9EFB5}"
EndProject
Global
	GlobalSection(SolutionConfigurationPlatforms) = preSolution
		Debug|Any CPU = Debug|Any CPU
		Release|Any CPU = Release|Any CPU
	EndGlobalSection
	GlobalSection(ProjectConfigurationPlatforms) = postSolution
		{C1B1C4C8-3690-4647-A2E9-F61C634F6957}.Debug|Any CPU.ActiveCfg = Debug|Any CPU
		{C1B1C4C8-3690-4647-A2E9-F61C634F6957}.Debug|Any CPU.Build.0 = Debug|Any CPU
		{C1B1C4C8-3690-4647-A2E9-F61C634F6957}.Debug|Any CPU.Deploy.0 = Debug|Any CPU
		{C1B1C4C8-3690-4647-A2E9-F61C634F6957}.Release|Any CPU.ActiveCfg = Release|Any CPU
		{C1B1C4C8-3690-4647-A2E9-F61C634F6957}.Release|Any CPU.Build.0 = Release|Any CPU
		{C1B1C4C8-3690-4647-A2E9-F61C634F6957}.Release|Any CPU.Deploy.0 = Release|Any CPU
		{7CD62FE4-27A7-4F3C-B654-7DC004868828}.Debug|Any CPU.ActiveCfg = Debug|Any CPU
		{7CD62FE4-27A7-4F3C-B654-7DC004868828}.Debug|Any CPU.Build.0 = Debug|Any CPU
		{7CD62FE4-27A7-4F3C-B654-7DC004868828}.Release|Any CPU.ActiveCfg = Release|Any CPU
		{7CD62FE4-27A7-4F3C-B654-7DC004868828}.Release|Any CPU.Build.0 = Release|Any CPU
		{C1FAF581-BAA8-429A-96B1-99769E2E7870}.Debug|Any CPU.ActiveCfg = Debug|Any CPU
		{C1FAF581-BAA8-429A-96B1-99769E2E7870}.Debug|Any CPU.Build.0 = Debug|Any CPU
		{C1FAF581-BAA8-429A-96B1-99769E2E7870}.Release|Any CPU.ActiveCfg = Release|Any CPU
		{C1FAF581-BAA8-429A-96B1-99769E2E7870}.Release|Any CPU.Build.0 = Release|Any CPU
		{D41528C2-EF28-437A-A8D4-0C5E80D8500D}.Debug|Any CPU.ActiveCfg = Debug|Any CPU
		{D41528C2-EF28-437A-A8D4-0C5E80D8500D}.Debug|Any CPU.Build.0 = Debug|Any CPU
		{D41528C2-EF28-437A-A8D4-0C5E80D8500D}.Release|Any CPU.ActiveCfg = Release|Any CPU
		{D41528C2-EF28-437A-A8D4-0C5E80D8500D}.Release|Any CPU.Build.0 = Release|Any CPU
		{4236937C-1EFB-4C9F-AFEC-DCA443C9EFB5}.Debug|Any CPU.ActiveCfg = Debug|Any CPU
		{4236937C-1EFB-4C9F-AFEC-DCA443C9EFB5}.Debug|Any CPU.Build.0 = Debug|Any CPU
		{4236937C-1EFB-4C9F-AFEC-DCA443C9EFB5}.Release|Any CPU.ActiveCfg = Release|Any CPU
		{4236937C-1EFB-4C9F-AFEC-DCA443C9EFB5}.Release|Any CPU.Build.0 = Release|Any CPU
	EndGlobalSection
	GlobalSection(SolutionProperties) = preSolution
		HideSolutionNode = FALSE
	EndGlobalSection
	GlobalSection(ExtensibilityGlobals) = postSolution
		SolutionGuid = {61F7FB11-1E47-470C-91E2-47F8143E1572}
	EndGlobalSection
EndGlobal
